
Microsoft Visual Studio Solution File, Format Version 12.00
# Visual Studio 15
VisualStudioVersion = 15.0.28010.2048
MinimumVisualStudioVersion = 10.0.40219.1
Project("{FAE04EC0-301F-11D3-BF4B-00C04F79EFBC}") = "MVCDemo", "MVCDemo\MVCDemo.csproj", "{44809FB9-DF57-4C13-B063-A0830F7C74DA}"
EndProject
Project("{FAE04EC0-301F-11D3-BF4B-00C04F79EFBC}") = "MVCDemo.Tests", "MVCDemo.Tests\MVCDemo.Tests.csproj", "{DD242B5A-BC38-4C8D-8A71-A3FA93A97C2C}"
EndProject
Global
	GlobalSection(SolutionConfigurationPlatforms) = preSolution
		Debug|Any CPU = Debug|Any CPU
		Release|Any CPU = Release|Any CPU
	EndGlobalSection
	GlobalSection(ProjectConfigurationPlatforms) = postSolution
		{44809FB9-DF57-4C13-B063-A0830F7C74DA}.Debug|Any CPU.ActiveCfg = Debug|Any CPU
		{44809FB9-DF57-4C13-B063-A0830F7C74DA}.Debug|Any CPU.Build.0 = Debug|Any CPU
		{44809FB9-DF57-4C13-B063-A0830F7C74DA}.Release|Any CPU.ActiveCfg = Release|Any CPU
		{44809FB9-DF57-4C13-B063-A0830F7C74DA}.Release|Any CPU.Build.0 = Release|Any CPU
		{DD242B5A-BC38-4C8D-8A71-A3FA93A97C2C}.Debug|Any CPU.ActiveCfg = Debug|Any CPU
		{DD242B5A-BC38-4C8D-8A71-A3FA93A97C2C}.Debug|Any CPU.Build.0 = Debug|Any CPU
		{DD242B5A-BC38-4C8D-8A71-A3FA93A97C2C}.Release|Any CPU.ActiveCfg = Release|Any CPU
		{DD242B5A-BC38-4C8D-8A71-A3FA93A97C2C}.Release|Any CPU.Build.0 = Release|Any CPU
	EndGlobalSection
	GlobalSection(SolutionProperties) = preSolution
		HideSolutionNode = FALSE
	EndGlobalSection
	GlobalSection(ExtensibilityGlobals) = postSolution
		SolutionGuid = {4860FD33-4FA1-468C-943D-67B8925C5261}
	EndGlobalSection
EndGlobal
